
Microsoft Visual Studio Solution File, Format Version 12.00
# Visual Studio 15
VisualStudioVersion = 15.0.28307.902
MinimumVisualStudioVersion = 10.0.40219.1
Project("{FAE04EC0-301F-11D3-BF4B-00C04F79EFBC}") = "HoffmanАlgorithm", "HoffmanАlgorithm\HoffmanАlgorithm.csproj", "{E93AC316-E0C8-4723-AE0C-41833737B5A8}"
EndProject
Global
	GlobalSection(SolutionConfigurationPlatforms) = preSolution
		Debug|Any CPU = Debug|Any CPU
		Release|Any CPU = Release|Any CPU
	EndGlobalSection
	GlobalSection(ProjectConfigurationPlatforms) = postSolution
		{E93AC316-E0C8-4723-AE0C-41833737B5A8}.Debug|Any CPU.ActiveCfg = Debug|Any CPU
		{E93AC316-E0C8-4723-AE0C-41833737B5A8}.Debug|Any CPU.Build.0 = Debug|Any CPU
		{E93AC316-E0C8-4723-AE0C-41833737B5A8}.Release|Any CPU.ActiveCfg = Release|Any CPU
		{E93AC316-E0C8-4723-AE0C-41833737B5A8}.Release|Any CPU.Build.0 = Release|Any CPU
	EndGlobalSection
	GlobalSection(SolutionProperties) = preSolution
		HideSolutionNode = FALSE
	EndGlobalSection
	GlobalSection(ExtensibilityGlobals) = postSolution
		SolutionGuid = {228EF426-E583-4B9B-9527-BD946617D21B}
	EndGlobalSection
EndGlobal
